{
  "pins" : [
    {
      "identity" : "swift-package-capturesdk",
      "kind" : "remoteSourceControl",
      "location" : "https://github.com/SocketMobile/swift-package-capturesdk",
      "state" : {
        "revision" : "1e10ee6e91449f0b8233747ace9a7ed65eb5a448",
        "version" : "1.4.61"
      }
    }
  ],
  "version" : 2
}
