{
  "pins" : [
    {
      "identity" : "swift-package-capturesdk",
      "kind" : "remoteSourceControl",
      "location" : "https://github.com/SocketMobile/swift-package-capturesdk",
      "state" : {
        "revision" : "71c4e58392a4ad0ac91540b96619079e0364c8ed",
        "version" : "1.6.30"
      }
    }
  ],
  "version" : 2
}
